// !$*UTF8*$!
{
	archiveVersion = 1;
	classes = {
	};
	objectVersion = 50;
	objects = {

/* Begin PBXBuildFile section */
		402510EE239CFD8000325B9F /* helpers.swift in Sources */ = {isa = PBXBuildFile; fileRef = 402510ED239CFD8000325B9F /* helpers.swift */; };
		402510F0239CFDBD00325B9F /* UIView+Constraints.swift in Sources */ = {isa = PBXBuildFile; fileRef = 402510EF239CFDBD00325B9F /* UIView+Constraints.swift */; };
		402510F3239D029A00325B9F /* AskLocationPermissionUseCaseTests.swift in Sources */ = {isa = PBXBuildFile; fileRef = 402510F2239D029A00325B9F /* AskLocationPermissionUseCaseTests.swift */; };
		402510F5239D28F700325B9F /* LocationManager.swift in Sources */ = {isa = PBXBuildFile; fileRef = 402510F4239D28F600325B9F /* LocationManager.swift */; };
		402510F7239D292700325B9F /* TweetBellError.swift in Sources */ = {isa = PBXBuildFile; fileRef = 402510F6239D292700325B9F /* TweetBellError.swift */; };
		402510F9239D2C5900325B9F /* Logger.swift in Sources */ = {isa = PBXBuildFile; fileRef = 402510F8239D2C5900325B9F /* Logger.swift */; };
		402510FB239D48E900325B9F /* TweetRequests.swift in Sources */ = {isa = PBXBuildFile; fileRef = 402510FA239D48E900325B9F /* TweetRequests.swift */; };
		408AC18E239BFCD8003CABA9 /* AppDelegate.swift in Sources */ = {isa = PBXBuildFile; fileRef = 408AC18D239BFCD8003CABA9 /* AppDelegate.swift */; };
		408AC190239BFCD8003CABA9 /* SceneDelegate.swift in Sources */ = {isa = PBXBuildFile; fileRef = 408AC18F239BFCD8003CABA9 /* SceneDelegate.swift */; };
		408AC192239BFCD8003CABA9 /* ViewController.swift in Sources */ = {isa = PBXBuildFile; fileRef = 408AC191239BFCD8003CABA9 /* ViewController.swift */; };
		408AC195239BFCD8003CABA9 /* Main.storyboard in Resources */ = {isa = PBXBuildFile; fileRef = 408AC193239BFCD8003CABA9 /* Main.storyboard */; };
		408AC197239BFCD9003CABA9 /* Assets.xcassets in Resources */ = {isa = PBXBuildFile; fileRef = 408AC196239BFCD9003CABA9 /* Assets.xcassets */; };
		408AC19A239BFCD9003CABA9 /* LaunchScreen.storyboard in Resources */ = {isa = PBXBuildFile; fileRef = 408AC198239BFCD9003CABA9 /* LaunchScreen.storyboard */; };
		408AC1A5239BFCD9003CABA9 /* TweetBellTests.swift in Sources */ = {isa = PBXBuildFile; fileRef = 408AC1A4239BFCD9003CABA9 /* TweetBellTests.swift */; };
		408AC1B2239BFD83003CABA9 /* SecretsTests.swift in Sources */ = {isa = PBXBuildFile; fileRef = 408AC1B1239BFD83003CABA9 /* SecretsTests.swift */; };
		408AC1B4239BFDC0003CABA9 /* Secrets.swift in Sources */ = {isa = PBXBuildFile; fileRef = 408AC1B3239BFDC0003CABA9 /* Secrets.swift */; };
		408AC1B6239C0119003CABA9 /* secrets.json in Resources */ = {isa = PBXBuildFile; fileRef = 408AC1B5239C0119003CABA9 /* secrets.json */; };
		408AC1CF239C100C003CABA9 /* UseCase.swift in Sources */ = {isa = PBXBuildFile; fileRef = 408AC1CE239C100C003CABA9 /* UseCase.swift */; };
		408AC1D1239C1035003CABA9 /* AskLocationPermissionUseCase.swift in Sources */ = {isa = PBXBuildFile; fileRef = 408AC1D0239C1035003CABA9 /* AskLocationPermissionUseCase.swift */; };
		408AC1D4239C2124003CABA9 /* MapViewModel.swift in Sources */ = {isa = PBXBuildFile; fileRef = 408AC1D3239C2124003CABA9 /* MapViewModel.swift */; };
		408AC1D6239C2133003CABA9 /* ViewModel.swift in Sources */ = {isa = PBXBuildFile; fileRef = 408AC1D5239C2133003CABA9 /* ViewModel.swift */; };
		408AC1DB239C241E003CABA9 /* Container.swift in Sources */ = {isa = PBXBuildFile; fileRef = 408AC1DA239C241E003CABA9 /* Container.swift */; };
		408AC1DE239C2468003CABA9 /* ContainerTests.swift in Sources */ = {isa = PBXBuildFile; fileRef = 408AC1DD239C2468003CABA9 /* ContainerTests.swift */; };
		408AC1E1239C24BC003CABA9 /* MapViewModelTests.swift in Sources */ = {isa = PBXBuildFile; fileRef = 408AC1E0239C24BC003CABA9 /* MapViewModelTests.swift */; };
		408AC1E3239C251E003CABA9 /* ViewModelFactory.swift in Sources */ = {isa = PBXBuildFile; fileRef = 408AC1E2239C251E003CABA9 /* ViewModelFactory.swift */; };
		408AC1E5239C2604003CABA9 /* Container+MapViewModel.swift in Sources */ = {isa = PBXBuildFile; fileRef = 408AC1E4239C2604003CABA9 /* Container+MapViewModel.swift */; };
		408AC1E7239C288E003CABA9 /* Container+ViewControllerFactory.swift in Sources */ = {isa = PBXBuildFile; fileRef = 408AC1E6239C288E003CABA9 /* Container+ViewControllerFactory.swift */; };
		408AC1E9239C28A2003CABA9 /* ViewControllerFactory.swift in Sources */ = {isa = PBXBuildFile; fileRef = 408AC1E8239C28A2003CABA9 /* ViewControllerFactory.swift */; };
		408AC1EB239C28E9003CABA9 /* MapViewController.swift in Sources */ = {isa = PBXBuildFile; fileRef = 408AC1EA239C28E9003CABA9 /* MapViewController.swift */; };
		408AC1ED239C29EF003CABA9 /* MapUserInterface.swift in Sources */ = {isa = PBXBuildFile; fileRef = 408AC1EC239C29EF003CABA9 /* MapUserInterface.swift */; };
		408AC1F1239C2B51003CABA9 /* ActivateMapView.swift in Sources */ = {isa = PBXBuildFile; fileRef = 408AC1F0239C2B51003CABA9 /* ActivateMapView.swift */; };
		408AC1F3239C2BE2003CABA9 /* MapView.swift in Sources */ = {isa = PBXBuildFile; fileRef = 408AC1F2239C2BE2003CABA9 /* MapView.swift */; };
		408AC1F5239C2FCE003CABA9 /* User.swift in Sources */ = {isa = PBXBuildFile; fileRef = 408AC1F4239C2FCE003CABA9 /* User.swift */; };
		408AC1F7239C2FD8003CABA9 /* Tweet.swift in Sources */ = {isa = PBXBuildFile; fileRef = 408AC1F6239C2FD8003CABA9 /* Tweet.swift */; };
		408AC209239C3643003CABA9 /* Dispatcher.swift in Sources */ = {isa = PBXBuildFile; fileRef = 408AC202239C32DD003CABA9 /* Dispatcher.swift */; };
		408AC20A239C3643003CABA9 /* RequestParams.swift in Sources */ = {isa = PBXBuildFile; fileRef = 408AC1FC239C31CB003CABA9 /* RequestParams.swift */; };
		408AC20B239C3643003CABA9 /* Reachability.swift in Sources */ = {isa = PBXBuildFile; fileRef = 408AC1FD239C31CB003CABA9 /* Reachability.swift */; };
		408AC20C239C3643003CABA9 /* HTTPMethod.swift in Sources */ = {isa = PBXBuildFile; fileRef = 408AC1FE239C31CB003CABA9 /* HTTPMethod.swift */; };
		408AC20D239C3643003CABA9 /* Request.swift in Sources */ = {isa = PBXBuildFile; fileRef = 408AC1FF239C31CB003CABA9 /* Request.swift */; };
		408AC20E239C3643003CABA9 /* WebClient.swift in Sources */ = {isa = PBXBuildFile; fileRef = 408AC200239C31CB003CABA9 /* WebClient.swift */; };
/* End PBXBuildFile section */

/* Begin PBXContainerItemProxy section */
		408AC1A1239BFCD9003CABA9 /* PBXContainerItemProxy */ = {
			isa = PBXContainerItemProxy;
			containerPortal = 408AC182239BFCD8003CABA9 /* Project object */;
			proxyType = 1;
			remoteGlobalIDString = 408AC189239BFCD8003CABA9;
			remoteInfo = TweetBell;
		};
/* End PBXContainerItemProxy section */

/* Begin PBXFileReference section */
		402510ED239CFD8000325B9F /* helpers.swift */ = {isa = PBXFileReference; lastKnownFileType = sourcecode.swift; path = helpers.swift; sourceTree = "<group>"; };
		402510EF239CFDBD00325B9F /* UIView+Constraints.swift */ = {isa = PBXFileReference; lastKnownFileType = sourcecode.swift; path = "UIView+Constraints.swift"; sourceTree = "<group>"; };
		402510F2239D029A00325B9F /* AskLocationPermissionUseCaseTests.swift */ = {isa = PBXFileReference; lastKnownFileType = sourcecode.swift; path = AskLocationPermissionUseCaseTests.swift; sourceTree = "<group>"; };
		402510F4239D28F600325B9F /* LocationManager.swift */ = {isa = PBXFileReference; lastKnownFileType = sourcecode.swift; path = LocationManager.swift; sourceTree = "<group>"; };
		402510F6239D292700325B9F /* TweetBellError.swift */ = {isa = PBXFileReference; lastKnownFileType = sourcecode.swift; path = TweetBellError.swift; sourceTree = "<group>"; };
		402510F8239D2C5900325B9F /* Logger.swift */ = {isa = PBXFileReference; lastKnownFileType = sourcecode.swift; path = Logger.swift; sourceTree = "<group>"; };
		402510FA239D48E900325B9F /* TweetRequests.swift */ = {isa = PBXFileReference; lastKnownFileType = sourcecode.swift; path = TweetRequests.swift; sourceTree = "<group>"; };
		408AC18A239BFCD8003CABA9 /* TweetBell.app */ = {isa = PBXFileReference; explicitFileType = wrapper.application; includeInIndex = 0; path = TweetBell.app; sourceTree = BUILT_PRODUCTS_DIR; };
		408AC18D239BFCD8003CABA9 /* AppDelegate.swift */ = {isa = PBXFileReference; lastKnownFileType = sourcecode.swift; path = AppDelegate.swift; sourceTree = "<group>"; };
		408AC18F239BFCD8003CABA9 /* SceneDelegate.swift */ = {isa = PBXFileReference; lastKnownFileType = sourcecode.swift; path = SceneDelegate.swift; sourceTree = "<group>"; };
		408AC191239BFCD8003CABA9 /* ViewController.swift */ = {isa = PBXFileReference; lastKnownFileType = sourcecode.swift; path = ViewController.swift; sourceTree = "<group>"; };
		408AC194239BFCD8003CABA9 /* Base */ = {isa = PBXFileReference; lastKnownFileType = file.storyboard; name = Base; path = Base.lproj/Main.storyboard; sourceTree = "<group>"; };
		408AC196239BFCD9003CABA9 /* Assets.xcassets */ = {isa = PBXFileReference; lastKnownFileType = folder.assetcatalog; path = Assets.xcassets; sourceTree = "<group>"; };
		408AC199239BFCD9003CABA9 /* Base */ = {isa = PBXFileReference; lastKnownFileType = file.storyboard; name = Base; path = Base.lproj/LaunchScreen.storyboard; sourceTree = "<group>"; };
		408AC19B239BFCD9003CABA9 /* Info.plist */ = {isa = PBXFileReference; lastKnownFileType = text.plist.xml; path = Info.plist; sourceTree = "<group>"; };
		408AC1A0239BFCD9003CABA9 /* TweetBellTests.xctest */ = {isa = PBXFileReference; explicitFileType = wrapper.cfbundle; includeInIndex = 0; path = TweetBellTests.xctest; sourceTree = BUILT_PRODUCTS_DIR; };
		408AC1A4239BFCD9003CABA9 /* TweetBellTests.swift */ = {isa = PBXFileReference; lastKnownFileType = sourcecode.swift; path = TweetBellTests.swift; sourceTree = "<group>"; };
		408AC1A6239BFCD9003CABA9 /* Info.plist */ = {isa = PBXFileReference; lastKnownFileType = text.plist.xml; path = Info.plist; sourceTree = "<group>"; };
		408AC1B1239BFD83003CABA9 /* SecretsTests.swift */ = {isa = PBXFileReference; lastKnownFileType = sourcecode.swift; path = SecretsTests.swift; sourceTree = "<group>"; };
		408AC1B3239BFDC0003CABA9 /* Secrets.swift */ = {isa = PBXFileReference; lastKnownFileType = sourcecode.swift; path = Secrets.swift; sourceTree = "<group>"; };
		408AC1B5239C0119003CABA9 /* secrets.json */ = {isa = PBXFileReference; lastKnownFileType = text.json; path = secrets.json; sourceTree = "<group>"; };
		408AC1CE239C100C003CABA9 /* UseCase.swift */ = {isa = PBXFileReference; lastKnownFileType = sourcecode.swift; path = UseCase.swift; sourceTree = "<group>"; };
		408AC1D0239C1035003CABA9 /* AskLocationPermissionUseCase.swift */ = {isa = PBXFileReference; lastKnownFileType = sourcecode.swift; path = AskLocationPermissionUseCase.swift; sourceTree = "<group>"; };
		408AC1D3239C2124003CABA9 /* MapViewModel.swift */ = {isa = PBXFileReference; lastKnownFileType = sourcecode.swift; path = MapViewModel.swift; sourceTree = "<group>"; };
		408AC1D5239C2133003CABA9 /* ViewModel.swift */ = {isa = PBXFileReference; lastKnownFileType = sourcecode.swift; path = ViewModel.swift; sourceTree = "<group>"; };
		408AC1DA239C241E003CABA9 /* Container.swift */ = {isa = PBXFileReference; lastKnownFileType = sourcecode.swift; path = Container.swift; sourceTree = "<group>"; };
		408AC1DD239C2468003CABA9 /* ContainerTests.swift */ = {isa = PBXFileReference; lastKnownFileType = sourcecode.swift; path = ContainerTests.swift; sourceTree = "<group>"; };
		408AC1E0239C24BC003CABA9 /* MapViewModelTests.swift */ = {isa = PBXFileReference; lastKnownFileType = sourcecode.swift; path = MapViewModelTests.swift; sourceTree = "<group>"; };
		408AC1E2239C251E003CABA9 /* ViewModelFactory.swift */ = {isa = PBXFileReference; lastKnownFileType = sourcecode.swift; path = ViewModelFactory.swift; sourceTree = "<group>"; };
		408AC1E4239C2604003CABA9 /* Container+MapViewModel.swift */ = {isa = PBXFileReference; lastKnownFileType = sourcecode.swift; path = "Container+MapViewModel.swift"; sourceTree = "<group>"; };
		408AC1E6239C288E003CABA9 /* Container+ViewControllerFactory.swift */ = {isa = PBXFileReference; lastKnownFileType = sourcecode.swift; path = "Container+ViewControllerFactory.swift"; sourceTree = "<group>"; };
		408AC1E8239C28A2003CABA9 /* ViewControllerFactory.swift */ = {isa = PBXFileReference; lastKnownFileType = sourcecode.swift; path = ViewControllerFactory.swift; sourceTree = "<group>"; };
		408AC1EA239C28E9003CABA9 /* MapViewController.swift */ = {isa = PBXFileReference; lastKnownFileType = sourcecode.swift; path = MapViewController.swift; sourceTree = "<group>"; };
		408AC1EC239C29EF003CABA9 /* MapUserInterface.swift */ = {isa = PBXFileReference; lastKnownFileType = sourcecode.swift; path = MapUserInterface.swift; sourceTree = "<group>"; };
		408AC1F0239C2B51003CABA9 /* ActivateMapView.swift */ = {isa = PBXFileReference; lastKnownFileType = sourcecode.swift; path = ActivateMapView.swift; sourceTree = "<group>"; };
		408AC1F2239C2BE2003CABA9 /* MapView.swift */ = {isa = PBXFileReference; lastKnownFileType = sourcecode.swift; path = MapView.swift; sourceTree = "<group>"; };
		408AC1F4239C2FCE003CABA9 /* User.swift */ = {isa = PBXFileReference; lastKnownFileType = sourcecode.swift; path = User.swift; sourceTree = "<group>"; };
		408AC1F6239C2FD8003CABA9 /* Tweet.swift */ = {isa = PBXFileReference; lastKnownFileType = sourcecode.swift; path = Tweet.swift; sourceTree = "<group>"; };
		408AC1FC239C31CB003CABA9 /* RequestParams.swift */ = {isa = PBXFileReference; lastKnownFileType = sourcecode.swift; path = RequestParams.swift; sourceTree = "<group>"; };
		408AC1FD239C31CB003CABA9 /* Reachability.swift */ = {isa = PBXFileReference; lastKnownFileType = sourcecode.swift; path = Reachability.swift; sourceTree = "<group>"; };
		408AC1FE239C31CB003CABA9 /* HTTPMethod.swift */ = {isa = PBXFileReference; lastKnownFileType = sourcecode.swift; path = HTTPMethod.swift; sourceTree = "<group>"; };
		408AC1FF239C31CB003CABA9 /* Request.swift */ = {isa = PBXFileReference; lastKnownFileType = sourcecode.swift; path = Request.swift; sourceTree = "<group>"; };
		408AC200239C31CB003CABA9 /* WebClient.swift */ = {isa = PBXFileReference; lastKnownFileType = sourcecode.swift; path = WebClient.swift; sourceTree = "<group>"; };
		408AC202239C32DD003CABA9 /* Dispatcher.swift */ = {isa = PBXFileReference; lastKnownFileType = sourcecode.swift; path = Dispatcher.swift; sourceTree = "<group>"; };
/* End PBXFileReference section */

/* Begin PBXFrameworksBuildPhase section */
		408AC187239BFCD8003CABA9 /* Frameworks */ = {
			isa = PBXFrameworksBuildPhase;
			buildActionMask = 2147483647;
			files = (
			);
			runOnlyForDeploymentPostprocessing = 0;
		};
		408AC19D239BFCD9003CABA9 /* Frameworks */ = {
			isa = PBXFrameworksBuildPhase;
			buildActionMask = 2147483647;
			files = (
			);
			runOnlyForDeploymentPostprocessing = 0;
		};
/* End PBXFrameworksBuildPhase section */

/* Begin PBXGroup section */
		402510EC239CFD7000325B9F /* Utils */ = {
			isa = PBXGroup;
			children = (
				402510ED239CFD8000325B9F /* helpers.swift */,
				402510EF239CFDBD00325B9F /* UIView+Constraints.swift */,
				402510F8239D2C5900325B9F /* Logger.swift */,
			);
			path = Utils;
			sourceTree = "<group>";
		};
		402510F1239D027000325B9F /* Use Cases */ = {
			isa = PBXGroup;
			children = (
				402510F2239D029A00325B9F /* AskLocationPermissionUseCaseTests.swift */,
			);
			path = "Use Cases";
			sourceTree = "<group>";
		};
		408AC181239BFCD8003CABA9 = {
			isa = PBXGroup;
			children = (
				408AC18C239BFCD8003CABA9 /* TweetBell */,
				408AC1A3239BFCD9003CABA9 /* TweetBellTests */,
				408AC18B239BFCD8003CABA9 /* Products */,
			);
			sourceTree = "<group>";
		};
		408AC18B239BFCD8003CABA9 /* Products */ = {
			isa = PBXGroup;
			children = (
				408AC18A239BFCD8003CABA9 /* TweetBell.app */,
				408AC1A0239BFCD9003CABA9 /* TweetBellTests.xctest */,
			);
			name = Products;
			sourceTree = "<group>";
		};
		408AC18C239BFCD8003CABA9 /* TweetBell */ = {
			isa = PBXGroup;
			children = (
				402510EC239CFD7000325B9F /* Utils */,
				408AC1B7239C0476003CABA9 /* Core */,
				408AC1B8239C047C003CABA9 /* Presentation */,
				408AC1C1239C04F6003CABA9 /* Resources */,
				408AC191239BFCD8003CABA9 /* ViewController.swift */,
				408AC193239BFCD8003CABA9 /* Main.storyboard */,
				408AC198239BFCD9003CABA9 /* LaunchScreen.storyboard */,
				408AC19B239BFCD9003CABA9 /* Info.plist */,
				408AC1B3239BFDC0003CABA9 /* Secrets.swift */,
			);
			path = TweetBell;
			sourceTree = "<group>";
		};
		408AC1A3239BFCD9003CABA9 /* TweetBellTests */ = {
			isa = PBXGroup;
			children = (
				408AC1C2239C051B003CABA9 /* Core */,
				408AC1C3239C051C003CABA9 /* Presentation */,
				408AC1A4239BFCD9003CABA9 /* TweetBellTests.swift */,
				408AC1A6239BFCD9003CABA9 /* Info.plist */,
				408AC1B1239BFD83003CABA9 /* SecretsTests.swift */,
			);
			path = TweetBellTests;
			sourceTree = "<group>";
		};
		408AC1B7239C0476003CABA9 /* Core */ = {
			isa = PBXGroup;
			children = (
				408AC1D7239C23CB003CABA9 /* Dependency Injection */,
				408AC1CD239C0FFB003CABA9 /* Use Cases */,
				408AC1BC239C04A3003CABA9 /* Broadcasters */,
				408AC1BA239C048E003CABA9 /* Data Store */,
				408AC1B9239C0487003CABA9 /* Entities */,
				408AC1BB239C0497003CABA9 /* Remote API */,
			);
			path = Core;
			sourceTree = "<group>";
		};
		408AC1B8239C047C003CABA9 /* Presentation */ = {
			isa = PBXGroup;
			children = (
				408AC1CC239C0547003CABA9 /* App */,
				408AC1BD239C04B3003CABA9 /* Displayable Entities */,
				408AC1C0239C04D0003CABA9 /* Interaction Responders */,
				408AC1BE239C04BE003CABA9 /* Obersers */,
				408AC1BF239C04C7003CABA9 /* User Interfaces */,
				408AC1D2239C2110003CABA9 /* ViewModels */,
			);
			path = Presentation;
			sourceTree = "<group>";
		};
		408AC1B9239C0487003CABA9 /* Entities */ = {
			isa = PBXGroup;
			children = (
				408AC1F4239C2FCE003CABA9 /* User.swift */,
				408AC1F6239C2FD8003CABA9 /* Tweet.swift */,
				402510F4239D28F600325B9F /* LocationManager.swift */,
				402510F6239D292700325B9F /* TweetBellError.swift */,
			);
			path = Entities;
			sourceTree = "<group>";
		};
		408AC1BA239C048E003CABA9 /* Data Store */ = {
			isa = PBXGroup;
			children = (
			);
			path = "Data Store";
			sourceTree = "<group>";
		};
		408AC1BB239C0497003CABA9 /* Remote API */ = {
			isa = PBXGroup;
			children = (
				408AC1F8239C31CB003CABA9 /* Network */,
				402510FA239D48E900325B9F /* TweetRequests.swift */,
			);
			path = "Remote API";
			sourceTree = "<group>";
		};
		408AC1BC239C04A3003CABA9 /* Broadcasters */ = {
			isa = PBXGroup;
			children = (
			);
			path = Broadcasters;
			sourceTree = "<group>";
		};
		408AC1BD239C04B3003CABA9 /* Displayable Entities */ = {
			isa = PBXGroup;
			children = (
			);
			path = "Displayable Entities";
			sourceTree = "<group>";
		};
		408AC1BE239C04BE003CABA9 /* Obersers */ = {
			isa = PBXGroup;
			children = (
			);
			path = Obersers;
			sourceTree = "<group>";
		};
		408AC1BF239C04C7003CABA9 /* User Interfaces */ = {
			isa = PBXGroup;
			children = (
				408AC20F239CF9C5003CABA9 /* Map */,
			);
			path = "User Interfaces";
			sourceTree = "<group>";
		};
		408AC1C0239C04D0003CABA9 /* Interaction Responders */ = {
			isa = PBXGroup;
			children = (
			);
			path = "Interaction Responders";
			sourceTree = "<group>";
		};
		408AC1C1239C04F6003CABA9 /* Resources */ = {
			isa = PBXGroup;
			children = (
				408AC196239BFCD9003CABA9 /* Assets.xcassets */,
				408AC1B5239C0119003CABA9 /* secrets.json */,
			);
			path = Resources;
			sourceTree = "<group>";
		};
		408AC1C2239C051B003CABA9 /* Core */ = {
			isa = PBXGroup;
			children = (
				402510F1239D027000325B9F /* Use Cases */,
				408AC1DC239C2444003CABA9 /* Dependency Injection */,
				408AC1C6239C0526003CABA9 /* Broadcasters */,
				408AC1C4239C0526003CABA9 /* Data Store */,
				408AC1C5239C0526003CABA9 /* Entities */,
				408AC1C7239C0526003CABA9 /* Remote API */,
			);
			path = Core;
			sourceTree = "<group>";
		};
		408AC1C3239C051C003CABA9 /* Presentation */ = {
			isa = PBXGroup;
			children = (
				408AC1DF239C24A8003CABA9 /* ViewModels */,
				408AC1CB239C052C003CABA9 /* User Interfaces */,
			);
			path = Presentation;
			sourceTree = "<group>";
		};
		408AC1C4239C0526003CABA9 /* Data Store */ = {
			isa = PBXGroup;
			children = (
			);
			path = "Data Store";
			sourceTree = "<group>";
		};
		408AC1C5239C0526003CABA9 /* Entities */ = {
			isa = PBXGroup;
			children = (
			);
			path = Entities;
			sourceTree = "<group>";
		};
		408AC1C6239C0526003CABA9 /* Broadcasters */ = {
			isa = PBXGroup;
			children = (
			);
			path = Broadcasters;
			sourceTree = "<group>";
		};
		408AC1C7239C0526003CABA9 /* Remote API */ = {
			isa = PBXGroup;
			children = (
			);
			path = "Remote API";
			sourceTree = "<group>";
		};
		408AC1CB239C052C003CABA9 /* User Interfaces */ = {
			isa = PBXGroup;
			children = (
			);
			path = "User Interfaces";
			sourceTree = "<group>";
		};
		408AC1CC239C0547003CABA9 /* App */ = {
			isa = PBXGroup;
			children = (
				408AC18D239BFCD8003CABA9 /* AppDelegate.swift */,
				408AC18F239BFCD8003CABA9 /* SceneDelegate.swift */,
			);
			path = App;
			sourceTree = "<group>";
		};
		408AC1CD239C0FFB003CABA9 /* Use Cases */ = {
			isa = PBXGroup;
			children = (
				408AC1CE239C100C003CABA9 /* UseCase.swift */,
				408AC1D0239C1035003CABA9 /* AskLocationPermissionUseCase.swift */,
			);
			path = "Use Cases";
			sourceTree = "<group>";
		};
		408AC1D2239C2110003CABA9 /* ViewModels */ = {
			isa = PBXGroup;
			children = (
				408AC1D3239C2124003CABA9 /* MapViewModel.swift */,
				408AC1D5239C2133003CABA9 /* ViewModel.swift */,
			);
			path = ViewModels;
			sourceTree = "<group>";
		};
		408AC1D7239C23CB003CABA9 /* Dependency Injection */ = {
			isa = PBXGroup;
			children = (
				408AC1D9239C23FD003CABA9 /* Factories */,
				408AC1D8239C23F4003CABA9 /* Container */,
			);
			path = "Dependency Injection";
			sourceTree = "<group>";
		};
		408AC1D8239C23F4003CABA9 /* Container */ = {
			isa = PBXGroup;
			children = (
				408AC1DA239C241E003CABA9 /* Container.swift */,
				408AC1E4239C2604003CABA9 /* Container+MapViewModel.swift */,
				408AC1E6239C288E003CABA9 /* Container+ViewControllerFactory.swift */,
			);
			path = Container;
			sourceTree = "<group>";
		};
		408AC1D9239C23FD003CABA9 /* Factories */ = {
			isa = PBXGroup;
			children = (
				408AC1E2239C251E003CABA9 /* ViewModelFactory.swift */,
				408AC1E8239C28A2003CABA9 /* ViewControllerFactory.swift */,
			);
			path = Factories;
			sourceTree = "<group>";
		};
		408AC1DC239C2444003CABA9 /* Dependency Injection */ = {
			isa = PBXGroup;
			children = (
				408AC1DD239C2468003CABA9 /* ContainerTests.swift */,
			);
			path = "Dependency Injection";
			sourceTree = "<group>";
		};
		408AC1DF239C24A8003CABA9 /* ViewModels */ = {
			isa = PBXGroup;
			children = (
				408AC1E0239C24BC003CABA9 /* MapViewModelTests.swift */,
			);
			path = ViewModels;
			sourceTree = "<group>";
		};
		408AC1F8239C31CB003CABA9 /* Network */ = {
			isa = PBXGroup;
			children = (
				408AC202239C32DD003CABA9 /* Dispatcher.swift */,
				408AC1FC239C31CB003CABA9 /* RequestParams.swift */,
				408AC1FD239C31CB003CABA9 /* Reachability.swift */,
				408AC1FE239C31CB003CABA9 /* HTTPMethod.swift */,
				408AC1FF239C31CB003CABA9 /* Request.swift */,
				408AC200239C31CB003CABA9 /* WebClient.swift */,
			);
			path = Network;
			sourceTree = "<group>";
		};
		408AC20F239CF9C5003CABA9 /* Map */ = {
			isa = PBXGroup;
			children = (
				408AC1EA239C28E9003CABA9 /* MapViewController.swift */,
				408AC1EC239C29EF003CABA9 /* MapUserInterface.swift */,
				408AC1F0239C2B51003CABA9 /* ActivateMapView.swift */,
				408AC1F2239C2BE2003CABA9 /* MapView.swift */,
			);
			path = Map;
			sourceTree = "<group>";
		};
/* End PBXGroup section */

/* Begin PBXNativeTarget section */
		408AC189239BFCD8003CABA9 /* TweetBell */ = {
			isa = PBXNativeTarget;
			buildConfigurationList = 408AC1A9239BFCD9003CABA9 /* Build configuration list for PBXNativeTarget "TweetBell" */;
			buildPhases = (
				408AC186239BFCD8003CABA9 /* Sources */,
				408AC187239BFCD8003CABA9 /* Frameworks */,
				408AC188239BFCD8003CABA9 /* Resources */,
			);
			buildRules = (
			);
			dependencies = (
			);
			name = TweetBell;
			productName = TweetBell;
			productReference = 408AC18A239BFCD8003CABA9 /* TweetBell.app */;
			productType = "com.apple.product-type.application";
		};
		408AC19F239BFCD9003CABA9 /* TweetBellTests */ = {
			isa = PBXNativeTarget;
			buildConfigurationList = 408AC1AC239BFCD9003CABA9 /* Build configuration list for PBXNativeTarget "TweetBellTests" */;
			buildPhases = (
				408AC19C239BFCD9003CABA9 /* Sources */,
				408AC19D239BFCD9003CABA9 /* Frameworks */,
				408AC19E239BFCD9003CABA9 /* Resources */,
			);
			buildRules = (
			);
			dependencies = (
				408AC1A2239BFCD9003CABA9 /* PBXTargetDependency */,
			);
			name = TweetBellTests;
			productName = TweetBellTests;
			productReference = 408AC1A0239BFCD9003CABA9 /* TweetBellTests.xctest */;
			productType = "com.apple.product-type.bundle.unit-test";
		};
/* End PBXNativeTarget section */

/* Begin PBXProject section */
		408AC182239BFCD8003CABA9 /* Project object */ = {
			isa = PBXProject;
			attributes = {
				LastSwiftUpdateCheck = 1120;
				LastUpgradeCheck = 1120;
				ORGANIZATIONNAME = "Ibrahima Ciss";
				TargetAttributes = {
					408AC189239BFCD8003CABA9 = {
						CreatedOnToolsVersion = 11.2.1;
					};
					408AC19F239BFCD9003CABA9 = {
						CreatedOnToolsVersion = 11.2.1;
						TestTargetID = 408AC189239BFCD8003CABA9;
					};
				};
			};
			buildConfigurationList = 408AC185239BFCD8003CABA9 /* Build configuration list for PBXProject "TweetBell" */;
			compatibilityVersion = "Xcode 9.3";
			developmentRegion = en;
			hasScannedForEncodings = 0;
			knownRegions = (
				en,
				Base,
			);
			mainGroup = 408AC181239BFCD8003CABA9;
			productRefGroup = 408AC18B239BFCD8003CABA9 /* Products */;
			projectDirPath = "";
			projectRoot = "";
			targets = (
				408AC189239BFCD8003CABA9 /* TweetBell */,
				408AC19F239BFCD9003CABA9 /* TweetBellTests */,
			);
		};
/* End PBXProject section */

/* Begin PBXResourcesBuildPhase section */
		408AC188239BFCD8003CABA9 /* Resources */ = {
			isa = PBXResourcesBuildPhase;
			buildActionMask = 2147483647;
			files = (
				408AC19A239BFCD9003CABA9 /* LaunchScreen.storyboard in Resources */,
				408AC1B6239C0119003CABA9 /* secrets.json in Resources */,
				408AC197239BFCD9003CABA9 /* Assets.xcassets in Resources */,
				408AC195239BFCD8003CABA9 /* Main.storyboard in Resources */,
			);
			runOnlyForDeploymentPostprocessing = 0;
		};
		408AC19E239BFCD9003CABA9 /* Resources */ = {
			isa = PBXResourcesBuildPhase;
			buildActionMask = 2147483647;
			files = (
			);
			runOnlyForDeploymentPostprocessing = 0;
		};
/* End PBXResourcesBuildPhase section */

/* Begin PBXSourcesBuildPhase section */
		408AC186239BFCD8003CABA9 /* Sources */ = {
			isa = PBXSourcesBuildPhase;
			buildActionMask = 2147483647;
			files = (
				408AC1E5239C2604003CABA9 /* Container+MapViewModel.swift in Sources */,
				408AC20D239C3643003CABA9 /* Request.swift in Sources */,
				408AC1CF239C100C003CABA9 /* UseCase.swift in Sources */,
				408AC1D1239C1035003CABA9 /* AskLocationPermissionUseCase.swift in Sources */,
				408AC192239BFCD8003CABA9 /* ViewController.swift in Sources */,
				408AC1ED239C29EF003CABA9 /* MapUserInterface.swift in Sources */,
				408AC1E3239C251E003CABA9 /* ViewModelFactory.swift in Sources */,
				408AC1E9239C28A2003CABA9 /* ViewControllerFactory.swift in Sources */,
				408AC1E7239C288E003CABA9 /* Container+ViewControllerFactory.swift in Sources */,
				408AC1B4239BFDC0003CABA9 /* Secrets.swift in Sources */,
				408AC1F3239C2BE2003CABA9 /* MapView.swift in Sources */,
				408AC1D4239C2124003CABA9 /* MapViewModel.swift in Sources */,
				402510F0239CFDBD00325B9F /* UIView+Constraints.swift in Sources */,
				408AC20A239C3643003CABA9 /* RequestParams.swift in Sources */,
				402510EE239CFD8000325B9F /* helpers.swift in Sources */,
				408AC1F1239C2B51003CABA9 /* ActivateMapView.swift in Sources */,
				408AC18E239BFCD8003CABA9 /* AppDelegate.swift in Sources */,
				408AC1D6239C2133003CABA9 /* ViewModel.swift in Sources */,
				408AC209239C3643003CABA9 /* Dispatcher.swift in Sources */,
				408AC1F5239C2FCE003CABA9 /* User.swift in Sources */,
				402510F7239D292700325B9F /* TweetBellError.swift in Sources */,
				408AC20E239C3643003CABA9 /* WebClient.swift in Sources */,
				408AC1DB239C241E003CABA9 /* Container.swift in Sources */,
				408AC20B239C3643003CABA9 /* Reachability.swift in Sources */,
				402510FB239D48E900325B9F /* TweetRequests.swift in Sources */,
				408AC190239BFCD8003CABA9 /* SceneDelegate.swift in Sources */,
				402510F9239D2C5900325B9F /* Logger.swift in Sources */,
				402510F5239D28F700325B9F /* LocationManager.swift in Sources */,
				408AC20C239C3643003CABA9 /* HTTPMethod.swift in Sources */,
				408AC1F7239C2FD8003CABA9 /* Tweet.swift in Sources */,
				408AC1EB239C28E9003CABA9 /* MapViewController.swift in Sources */,
			);
			runOnlyForDeploymentPostprocessing = 0;
		};
		408AC19C239BFCD9003CABA9 /* Sources */ = {
			isa = PBXSourcesBuildPhase;
			buildActionMask = 2147483647;
			files = (
				402510F3239D029A00325B9F /* AskLocationPermissionUseCaseTests.swift in Sources */,
				408AC1DE239C2468003CABA9 /* ContainerTests.swift in Sources */,
				408AC1A5239BFCD9003CABA9 /* TweetBellTests.swift in Sources */,
				408AC1B2239BFD83003CABA9 /* SecretsTests.swift in Sources */,
				408AC1E1239C24BC003CABA9 /* MapViewModelTests.swift in Sources */,
			);
			runOnlyForDeploymentPostprocessing = 0;
		};
/* End PBXSourcesBuildPhase section */

/* Begin PBXTargetDependency section */
		408AC1A2239BFCD9003CABA9 /* PBXTargetDependency */ = {
			isa = PBXTargetDependency;
			target = 408AC189239BFCD8003CABA9 /* TweetBell */;
			targetProxy = 408AC1A1239BFCD9003CABA9 /* PBXContainerItemProxy */;
		};
/* End PBXTargetDependency section */

/* Begin PBXVariantGroup section */
		408AC193239BFCD8003CABA9 /* Main.storyboard */ = {
			isa = PBXVariantGroup;
			children = (
				408AC194239BFCD8003CABA9 /* Base */,
			);
			name = Main.storyboard;
			sourceTree = "<group>";
		};
		408AC198239BFCD9003CABA9 /* LaunchScreen.storyboard */ = {
			isa = PBXVariantGroup;
			children = (
				408AC199239BFCD9003CABA9 /* Base */,
			);
			name = LaunchScreen.storyboard;
			sourceTree = "<group>";
		};
/* End PBXVariantGroup section */

/* Begin XCBuildConfiguration section */
		408AC1A7239BFCD9003CABA9 /* Debug */ = {
			isa = XCBuildConfiguration;
			buildSettings = {
				ALWAYS_SEARCH_USER_PATHS = NO;
				CLANG_ANALYZER_NONNULL = YES;
				CLANG_ANALYZER_NUMBER_OBJECT_CONVERSION = YES_AGGRESSIVE;
				CLANG_CXX_LANGUAGE_STANDARD = "gnu++14";
				CLANG_CXX_LIBRARY = "libc++";
				CLANG_ENABLE_MODULES = YES;
				CLANG_ENABLE_OBJC_ARC = YES;
				CLANG_ENABLE_OBJC_WEAK = YES;
				CLANG_WARN_BLOCK_CAPTURE_AUTORELEASING = YES;
				CLANG_WARN_BOOL_CONVERSION = YES;
				CLANG_WARN_COMMA = YES;
				CLANG_WARN_CONSTANT_CONVERSION = YES;
				CLANG_WARN_DEPRECATED_OBJC_IMPLEMENTATIONS = YES;
				CLANG_WARN_DIRECT_OBJC_ISA_USAGE = YES_ERROR;
				CLANG_WARN_DOCUMENTATION_COMMENTS = YES;
				CLANG_WARN_EMPTY_BODY = YES;
				CLANG_WARN_ENUM_CONVERSION = YES;
				CLANG_WARN_INFINITE_RECURSION = YES;
				CLANG_WARN_INT_CONVERSION = YES;
				CLANG_WARN_NON_LITERAL_NULL_CONVERSION = YES;
				CLANG_WARN_OBJC_IMPLICIT_RETAIN_SELF = YES;
				CLANG_WARN_OBJC_LITERAL_CONVERSION = YES;
				CLANG_WARN_OBJC_ROOT_CLASS = YES_ERROR;
				CLANG_WARN_RANGE_LOOP_ANALYSIS = YES;
				CLANG_WARN_STRICT_PROTOTYPES = YES;
				CLANG_WARN_SUSPICIOUS_MOVE = YES;
				CLANG_WARN_UNGUARDED_AVAILABILITY = YES_AGGRESSIVE;
				CLANG_WARN_UNREACHABLE_CODE = YES;
				CLANG_WARN__DUPLICATE_METHOD_MATCH = YES;
				COPY_PHASE_STRIP = NO;
				DEBUG_INFORMATION_FORMAT = dwarf;
				ENABLE_STRICT_OBJC_MSGSEND = YES;
				ENABLE_TESTABILITY = YES;
				GCC_C_LANGUAGE_STANDARD = gnu11;
				GCC_DYNAMIC_NO_PIC = NO;
				GCC_NO_COMMON_BLOCKS = YES;
				GCC_OPTIMIZATION_LEVEL = 0;
				GCC_PREPROCESSOR_DEFINITIONS = (
					"DEBUG=1",
					"$(inherited)",
				);
				GCC_WARN_64_TO_32_BIT_CONVERSION = YES;
				GCC_WARN_ABOUT_RETURN_TYPE = YES_ERROR;
				GCC_WARN_UNDECLARED_SELECTOR = YES;
				GCC_WARN_UNINITIALIZED_AUTOS = YES_AGGRESSIVE;
				GCC_WARN_UNUSED_FUNCTION = YES;
				GCC_WARN_UNUSED_VARIABLE = YES;
				IPHONEOS_DEPLOYMENT_TARGET = 13.2;
				MTL_ENABLE_DEBUG_INFO = INCLUDE_SOURCE;
				MTL_FAST_MATH = YES;
				ONLY_ACTIVE_ARCH = YES;
				SDKROOT = iphoneos;
				SWIFT_ACTIVE_COMPILATION_CONDITIONS = DEBUG;
				SWIFT_OPTIMIZATION_LEVEL = "-Onone";
			};
			name = Debug;
		};
		408AC1A8239BFCD9003CABA9 /* Release */ = {
			isa = XCBuildConfiguration;
			buildSettings = {
				ALWAYS_SEARCH_USER_PATHS = NO;
				CLANG_ANALYZER_NONNULL = YES;
				CLANG_ANALYZER_NUMBER_OBJECT_CONVERSION = YES_AGGRESSIVE;
				CLANG_CXX_LANGUAGE_STANDARD = "gnu++14";
				CLANG_CXX_LIBRARY = "libc++";
				CLANG_ENABLE_MODULES = YES;
				CLANG_ENABLE_OBJC_ARC = YES;
				CLANG_ENABLE_OBJC_WEAK = YES;
				CLANG_WARN_BLOCK_CAPTURE_AUTORELEASING = YES;
				CLANG_WARN_BOOL_CONVERSION = YES;
				CLANG_WARN_COMMA = YES;
				CLANG_WARN_CONSTANT_CONVERSION = YES;
				CLANG_WARN_DEPRECATED_OBJC_IMPLEMENTATIONS = YES;
				CLANG_WARN_DIRECT_OBJC_ISA_USAGE = YES_ERROR;
				CLANG_WARN_DOCUMENTATION_COMMENTS = YES;
				CLANG_WARN_EMPTY_BODY = YES;
				CLANG_WARN_ENUM_CONVERSION = YES;
				CLANG_WARN_INFINITE_RECURSION = YES;
				CLANG_WARN_INT_CONVERSION = YES;
				CLANG_WARN_NON_LITERAL_NULL_CONVERSION = YES;
				CLANG_WARN_OBJC_IMPLICIT_RETAIN_SELF = YES;
				CLANG_WARN_OBJC_LITERAL_CONVERSION = YES;
				CLANG_WARN_OBJC_ROOT_CLASS = YES_ERROR;
				CLANG_WARN_RANGE_LOOP_ANALYSIS = YES;
				CLANG_WARN_STRICT_PROTOTYPES = YES;
				CLANG_WARN_SUSPICIOUS_MOVE = YES;
				CLANG_WARN_UNGUARDED_AVAILABILITY = YES_AGGRESSIVE;
				CLANG_WARN_UNREACHABLE_CODE = YES;
				CLANG_WARN__DUPLICATE_METHOD_MATCH = YES;
				COPY_PHASE_STRIP = NO;
				DEBUG_INFORMATION_FORMAT = "dwarf-with-dsym";
				ENABLE_NS_ASSERTIONS = NO;
				ENABLE_STRICT_OBJC_MSGSEND = YES;
				GCC_C_LANGUAGE_STANDARD = gnu11;
				GCC_NO_COMMON_BLOCKS = YES;
				GCC_WARN_64_TO_32_BIT_CONVERSION = YES;
				GCC_WARN_ABOUT_RETURN_TYPE = YES_ERROR;
				GCC_WARN_UNDECLARED_SELECTOR = YES;
				GCC_WARN_UNINITIALIZED_AUTOS = YES_AGGRESSIVE;
				GCC_WARN_UNUSED_FUNCTION = YES;
				GCC_WARN_UNUSED_VARIABLE = YES;
				IPHONEOS_DEPLOYMENT_TARGET = 13.2;
				MTL_ENABLE_DEBUG_INFO = NO;
				MTL_FAST_MATH = YES;
				SDKROOT = iphoneos;
				SWIFT_COMPILATION_MODE = wholemodule;
				SWIFT_OPTIMIZATION_LEVEL = "-O";
				VALIDATE_PRODUCT = YES;
			};
			name = Release;
		};
		408AC1AA239BFCD9003CABA9 /* Debug */ = {
			isa = XCBuildConfiguration;
			buildSettings = {
				ASSETCATALOG_COMPILER_APPICON_NAME = AppIcon;
				CODE_SIGN_STYLE = Automatic;
				DEVELOPMENT_TEAM = ZM7Z6QL6F3;
				INFOPLIST_FILE = TweetBell/Info.plist;
				LD_RUNPATH_SEARCH_PATHS = (
					"$(inherited)",
					"@executable_path/Frameworks",
				);
				PRODUCT_BUNDLE_IDENTIFIER = dev.ibrahima.TweetBell;
				PRODUCT_NAME = "$(TARGET_NAME)";
				SWIFT_VERSION = 5.0;
				TARGETED_DEVICE_FAMILY = "1,2";
			};
			name = Debug;
		};
		408AC1AB239BFCD9003CABA9 /* Release */ = {
			isa = XCBuildConfiguration;
			buildSettings = {
				ASSETCATALOG_COMPILER_APPICON_NAME = AppIcon;
				CODE_SIGN_STYLE = Automatic;
				DEVELOPMENT_TEAM = ZM7Z6QL6F3;
				INFOPLIST_FILE = TweetBell/Info.plist;
				LD_RUNPATH_SEARCH_PATHS = (
					"$(inherited)",
					"@executable_path/Frameworks",
				);
				PRODUCT_BUNDLE_IDENTIFIER = dev.ibrahima.TweetBell;
				PRODUCT_NAME = "$(TARGET_NAME)";
				SWIFT_VERSION = 5.0;
				TARGETED_DEVICE_FAMILY = "1,2";
			};
			name = Release;
		};
		408AC1AD239BFCD9003CABA9 /* Debug */ = {
			isa = XCBuildConfiguration;
			buildSettings = {
				ALWAYS_EMBED_SWIFT_STANDARD_LIBRARIES = YES;
				BUNDLE_LOADER = "$(TEST_HOST)";
				CODE_SIGN_STYLE = Automatic;
				DEVELOPMENT_TEAM = ZM7Z6QL6F3;
				INFOPLIST_FILE = TweetBellTests/Info.plist;
				IPHONEOS_DEPLOYMENT_TARGET = 13.2;
				LD_RUNPATH_SEARCH_PATHS = (
					"$(inherited)",
					"@executable_path/Frameworks",
					"@loader_path/Frameworks",
				);
				PRODUCT_BUNDLE_IDENTIFIER = dev.ibrahima.TweetBellTests;
				PRODUCT_NAME = "$(TARGET_NAME)";
				SWIFT_VERSION = 5.0;
				TARGETED_DEVICE_FAMILY = "1,2";
				TEST_HOST = "$(BUILT_PRODUCTS_DIR)/TweetBell.app/TweetBell";
			};
			name = Debug;
		};
		408AC1AE239BFCD9003CABA9 /* Release */ = {
			isa = XCBuildConfiguration;
			buildSettings = {
				ALWAYS_EMBED_SWIFT_STANDARD_LIBRARIES = YES;
				BUNDLE_LOADER = "$(TEST_HOST)";
				CODE_SIGN_STYLE = Automatic;
				DEVELOPMENT_TEAM = ZM7Z6QL6F3;
				INFOPLIST_FILE = TweetBellTests/Info.plist;
				IPHONEOS_DEPLOYMENT_TARGET = 13.2;
				LD_RUNPATH_SEARCH_PATHS = (
					"$(inherited)",
					"@executable_path/Frameworks",
					"@loader_path/Frameworks",
				);
				PRODUCT_BUNDLE_IDENTIFIER = dev.ibrahima.TweetBellTests;
				PRODUCT_NAME = "$(TARGET_NAME)";
				SWIFT_VERSION = 5.0;
				TARGETED_DEVICE_FAMILY = "1,2";
				TEST_HOST = "$(BUILT_PRODUCTS_DIR)/TweetBell.app/TweetBell";
			};
			name = Release;
		};
/* End XCBuildConfiguration section */

/* Begin XCConfigurationList section */
		408AC185239BFCD8003CABA9 /* Build configuration list for PBXProject "TweetBell" */ = {
			isa = XCConfigurationList;
			buildConfigurations = (
				408AC1A7239BFCD9003CABA9 /* Debug */,
				408AC1A8239BFCD9003CABA9 /* Release */,
			);
			defaultConfigurationIsVisible = 0;
			defaultConfigurationName = Release;
		};
		408AC1A9239BFCD9003CABA9 /* Build configuration list for PBXNativeTarget "TweetBell" */ = {
			isa = XCConfigurationList;
			buildConfigurations = (
				408AC1AA239BFCD9003CABA9 /* Debug */,
				408AC1AB239BFCD9003CABA9 /* Release */,
			);
			defaultConfigurationIsVisible = 0;
			defaultConfigurationName = Release;
		};
		408AC1AC239BFCD9003CABA9 /* Build configuration list for PBXNativeTarget "TweetBellTests" */ = {
			isa = XCConfigurationList;
			buildConfigurations = (
				408AC1AD239BFCD9003CABA9 /* Debug */,
				408AC1AE239BFCD9003CABA9 /* Release */,
			);
			defaultConfigurationIsVisible = 0;
			defaultConfigurationName = Release;
		};
/* End XCConfigurationList section */
	};
	rootObject = 408AC182239BFCD8003CABA9 /* Project object */;
}
