// !$*UTF8*$!
{
	archiveVersion = 1;
	classes = {
	};
	objectVersion = 50;
	objects = {

/* Begin PBXBuildFile section */
		408AC18E239BFCD8003CABA9 /* AppDelegate.swift in Sources */ = {isa = PBXBuildFile; fileRef = 408AC18D239BFCD8003CABA9 /* AppDelegate.swift */; };
		408AC190239BFCD8003CABA9 /* SceneDelegate.swift in Sources */ = {isa = PBXBuildFile; fileRef = 408AC18F239BFCD8003CABA9 /* SceneDelegate.swift */; };
		408AC192239BFCD8003CABA9 /* ViewController.swift in Sources */ = {isa = PBXBuildFile; fileRef = 408AC191239BFCD8003CABA9 /* ViewController.swift */; };
		408AC195239BFCD8003CABA9 /* Main.storyboard in Resources */ = {isa = PBXBuildFile; fileRef = 408AC193239BFCD8003CABA9 /* Main.storyboard */; };
		408AC197239BFCD9003CABA9 /* Assets.xcassets in Resources */ = {isa = PBXBuildFile; fileRef = 408AC196239BFCD9003CABA9 /* Assets.xcassets */; };
		408AC19A239BFCD9003CABA9 /* LaunchScreen.storyboard in Resources */ = {isa = PBXBuildFile; fileRef = 408AC198239BFCD9003CABA9 /* LaunchScreen.storyboard */; };
		408AC1A5239BFCD9003CABA9 /* TweetBellTests.swift in Sources */ = {isa = PBXBuildFile; fileRef = 408AC1A4239BFCD9003CABA9 /* TweetBellTests.swift */; };
/* End PBXBuildFile section */

/* Begin PBXContainerItemProxy section */
		408AC1A1239BFCD9003CABA9 /* PBXContainerItemProxy */ = {
			isa = PBXContainerItemProxy;
			containerPortal = 408AC182239BFCD8003CABA9 /* Project object */;
			proxyType = 1;
			remoteGlobalIDString = 408AC189239BFCD8003CABA9;
			remoteInfo = TweetBell;
		};
/* End PBXContainerItemProxy section */

/* Begin PBXFileReference section */
		408AC18A239BFCD8003CABA9 /* TweetBell.app */ = {isa = PBXFileReference; explicitFileType = wrapper.application; includeInIndex = 0; path = TweetBell.app; sourceTree = BUILT_PRODUCTS_DIR; };
		408AC18D239BFCD8003CABA9 /* AppDelegate.swift */ = {isa = PBXFileReference; lastKnownFileType = sourcecode.swift; path = AppDelegate.swift; sourceTree = "<group>"; };
		408AC18F239BFCD8003CABA9 /* SceneDelegate.swift */ = {isa = PBXFileReference; lastKnownFileType = sourcecode.swift; path = SceneDelegate.swift; sourceTree = "<group>"; };
		408AC191239BFCD8003CABA9 /* ViewController.swift */ = {isa = PBXFileReference; lastKnownFileType = sourcecode.swift; path = ViewController.swift; sourceTree = "<group>"; };
		408AC194239BFCD8003CABA9 /* Base */ = {isa = PBXFileReference; lastKnownFileType = file.storyboard; name = Base; path = Base.lproj/Main.storyboard; sourceTree = "<group>"; };
		408AC196239BFCD9003CABA9 /* Assets.xcassets */ = {isa = PBXFileReference; lastKnownFileType = folder.assetcatalog; path = Assets.xcassets; sourceTree = "<group>"; };
		408AC199239BFCD9003CABA9 /* Base */ = {isa = PBXFileReference; lastKnownFileType = file.storyboard; name = Base; path = Base.lproj/LaunchScreen.storyboard; sourceTree = "<group>"; };
		408AC19B239BFCD9003CABA9 /* Info.plist */ = {isa = PBXFileReference; lastKnownFileType = text.plist.xml; path = Info.plist; sourceTree = "<group>"; };
		408AC1A0239BFCD9003CABA9 /* TweetBellTests.xctest */ = {isa = PBXFileReference; explicitFileType = wrapper.cfbundle; includeInIndex = 0; path = TweetBellTests.xctest; sourceTree = BUILT_PRODUCTS_DIR; };
		408AC1A4239BFCD9003CABA9 /* TweetBellTests.swift */ = {isa = PBXFileReference; lastKnownFileType = sourcecode.swift; path = TweetBellTests.swift; sourceTree = "<group>"; };
		408AC1A6239BFCD9003CABA9 /* Info.plist */ = {isa = PBXFileReference; lastKnownFileType = text.plist.xml; path = Info.plist; sourceTree = "<group>"; };
/* End PBXFileReference section */

/* Begin PBXFrameworksBuildPhase section */
		408AC187239BFCD8003CABA9 /* Frameworks */ = {
			isa = PBXFrameworksBuildPhase;
			buildActionMask = 2147483647;
			files = (
			);
			runOnlyForDeploymentPostprocessing = 0;
		};
		408AC19D239BFCD9003CABA9 /* Frameworks */ = {
			isa = PBXFrameworksBuildPhase;
			buildActionMask = 2147483647;
			files = (
			);
			runOnlyForDeploymentPostprocessing = 0;
		};
/* End PBXFrameworksBuildPhase section */

/* Begin PBXGroup section */
		408AC181239BFCD8003CABA9 = {
			isa = PBXGroup;
			children = (
				408AC18C239BFCD8003CABA9 /* TweetBell */,
				408AC1A3239BFCD9003CABA9 /* TweetBellTests */,
				408AC18B239BFCD8003CABA9 /* Products */,
			);
			sourceTree = "<group>";
		};
		408AC18B239BFCD8003CABA9 /* Products */ = {
			isa = PBXGroup;
			children = (
				408AC18A239BFCD8003CABA9 /* TweetBell.app */,
				408AC1A0239BFCD9003CABA9 /* TweetBellTests.xctest */,
			);
			name = Products;
			sourceTree = "<group>";
		};
		408AC18C239BFCD8003CABA9 /* TweetBell */ = {
			isa = PBXGroup;
			children = (
				408AC18D239BFCD8003CABA9 /* AppDelegate.swift */,
				408AC18F239BFCD8003CABA9 /* SceneDelegate.swift */,
				408AC191239BFCD8003CABA9 /* ViewController.swift */,
				408AC193239BFCD8003CABA9 /* Main.storyboard */,
				408AC196239BFCD9003CABA9 /* Assets.xcassets */,
				408AC198239BFCD9003CABA9 /* LaunchScreen.storyboard */,
				408AC19B239BFCD9003CABA9 /* Info.plist */,
			);
			path = TweetBell;
			sourceTree = "<group>";
		};
		408AC1A3239BFCD9003CABA9 /* TweetBellTests */ = {
			isa = PBXGroup;
			children = (
				408AC1A4239BFCD9003CABA9 /* TweetBellTests.swift */,
				408AC1A6239BFCD9003CABA9 /* Info.plist */,
			);
			path = TweetBellTests;
			sourceTree = "<group>";
		};
/* End PBXGroup section */

/* Begin PBXNativeTarget section */
		408AC189239BFCD8003CABA9 /* TweetBell */ = {
			isa = PBXNativeTarget;
			buildConfigurationList = 408AC1A9239BFCD9003CABA9 /* Build configuration list for PBXNativeTarget "TweetBell" */;
			buildPhases = (
				408AC186239BFCD8003CABA9 /* Sources */,
				408AC187239BFCD8003CABA9 /* Frameworks */,
				408AC188239BFCD8003CABA9 /* Resources */,
			);
			buildRules = (
			);
			dependencies = (
			);
			name = TweetBell;
			productName = TweetBell;
			productReference = 408AC18A239BFCD8003CABA9 /* TweetBell.app */;
			productType = "com.apple.product-type.application";
		};
		408AC19F239BFCD9003CABA9 /* TweetBellTests */ = {
			isa = PBXNativeTarget;
			buildConfigurationList = 408AC1AC239BFCD9003CABA9 /* Build configuration list for PBXNativeTarget "TweetBellTests" */;
			buildPhases = (
				408AC19C239BFCD9003CABA9 /* Sources */,
				408AC19D239BFCD9003CABA9 /* Frameworks */,
				408AC19E239BFCD9003CABA9 /* Resources */,
			);
			buildRules = (
			);
			dependencies = (
				408AC1A2239BFCD9003CABA9 /* PBXTargetDependency */,
			);
			name = TweetBellTests;
			productName = TweetBellTests;
			productReference = 408AC1A0239BFCD9003CABA9 /* TweetBellTests.xctest */;
			productType = "com.apple.product-type.bundle.unit-test";
		};
/* End PBXNativeTarget section */

/* Begin PBXProject section */
		408AC182239BFCD8003CABA9 /* Project object */ = {
			isa = PBXProject;
			attributes = {
				LastSwiftUpdateCheck = 1120;
				LastUpgradeCheck = 1120;
				ORGANIZATIONNAME = "Ibrahima Ciss";
				TargetAttributes = {
					408AC189239BFCD8003CABA9 = {
						CreatedOnToolsVersion = 11.2.1;
					};
					408AC19F239BFCD9003CABA9 = {
						CreatedOnToolsVersion = 11.2.1;
						TestTargetID = 408AC189239BFCD8003CABA9;
					};
				};
			};
			buildConfigurationList = 408AC185239BFCD8003CABA9 /* Build configuration list for PBXProject "TweetBell" */;
			compatibilityVersion = "Xcode 9.3";
			developmentRegion = en;
			hasScannedForEncodings = 0;
			knownRegions = (
				en,
				Base,
			);
			mainGroup = 408AC181239BFCD8003CABA9;
			productRefGroup = 408AC18B239BFCD8003CABA9 /* Products */;
			projectDirPath = "";
			projectRoot = "";
			targets = (
				408AC189239BFCD8003CABA9 /* TweetBell */,
				408AC19F239BFCD9003CABA9 /* TweetBellTests */,
			);
		};
/* End PBXProject section */

/* Begin PBXResourcesBuildPhase section */
		408AC188239BFCD8003CABA9 /* Resources */ = {
			isa = PBXResourcesBuildPhase;
			buildActionMask = 2147483647;
			files = (
				408AC19A239BFCD9003CABA9 /* LaunchScreen.storyboard in Resources */,
				408AC197239BFCD9003CABA9 /* Assets.xcassets in Resources */,
				408AC195239BFCD8003CABA9 /* Main.storyboard in Resources */,
			);
			runOnlyForDeploymentPostprocessing = 0;
		};
		408AC19E239BFCD9003CABA9 /* Resources */ = {
			isa = PBXResourcesBuildPhase;
			buildActionMask = 2147483647;
			files = (
			);
			runOnlyForDeploymentPostprocessing = 0;
		};
/* End PBXResourcesBuildPhase section */

/* Begin PBXSourcesBuildPhase section */
		408AC186239BFCD8003CABA9 /* Sources */ = {
			isa = PBXSourcesBuildPhase;
			buildActionMask = 2147483647;
			files = (
				408AC192239BFCD8003CABA9 /* ViewController.swift in Sources */,
				408AC18E239BFCD8003CABA9 /* AppDelegate.swift in Sources */,
				408AC190239BFCD8003CABA9 /* SceneDelegate.swift in Sources */,
			);
			runOnlyForDeploymentPostprocessing = 0;
		};
		408AC19C239BFCD9003CABA9 /* Sources */ = {
			isa = PBXSourcesBuildPhase;
			buildActionMask = 2147483647;
			files = (
				408AC1A5239BFCD9003CABA9 /* TweetBellTests.swift in Sources */,
			);
			runOnlyForDeploymentPostprocessing = 0;
		};
/* End PBXSourcesBuildPhase section */

/* Begin PBXTargetDependency section */
		408AC1A2239BFCD9003CABA9 /* PBXTargetDependency */ = {
			isa = PBXTargetDependency;
			target = 408AC189239BFCD8003CABA9 /* TweetBell */;
			targetProxy = 408AC1A1239BFCD9003CABA9 /* PBXContainerItemProxy */;
		};
/* End PBXTargetDependency section */

/* Begin PBXVariantGroup section */
		408AC193239BFCD8003CABA9 /* Main.storyboard */ = {
			isa = PBXVariantGroup;
			children = (
				408AC194239BFCD8003CABA9 /* Base */,
			);
			name = Main.storyboard;
			sourceTree = "<group>";
		};
		408AC198239BFCD9003CABA9 /* LaunchScreen.storyboard */ = {
			isa = PBXVariantGroup;
			children = (
				408AC199239BFCD9003CABA9 /* Base */,
			);
			name = LaunchScreen.storyboard;
			sourceTree = "<group>";
		};
/* End PBXVariantGroup section */

/* Begin XCBuildConfiguration section */
		408AC1A7239BFCD9003CABA9 /* Debug */ = {
			isa = XCBuildConfiguration;
			buildSettings = {
				ALWAYS_SEARCH_USER_PATHS = NO;
				CLANG_ANALYZER_NONNULL = YES;
				CLANG_ANALYZER_NUMBER_OBJECT_CONVERSION = YES_AGGRESSIVE;
				CLANG_CXX_LANGUAGE_STANDARD = "gnu++14";
				CLANG_CXX_LIBRARY = "libc++";
				CLANG_ENABLE_MODULES = YES;
				CLANG_ENABLE_OBJC_ARC = YES;
				CLANG_ENABLE_OBJC_WEAK = YES;
				CLANG_WARN_BLOCK_CAPTURE_AUTORELEASING = YES;
				CLANG_WARN_BOOL_CONVERSION = YES;
				CLANG_WARN_COMMA = YES;
				CLANG_WARN_CONSTANT_CONVERSION = YES;
				CLANG_WARN_DEPRECATED_OBJC_IMPLEMENTATIONS = YES;
				CLANG_WARN_DIRECT_OBJC_ISA_USAGE = YES_ERROR;
				CLANG_WARN_DOCUMENTATION_COMMENTS = YES;
				CLANG_WARN_EMPTY_BODY = YES;
				CLANG_WARN_ENUM_CONVERSION = YES;
				CLANG_WARN_INFINITE_RECURSION = YES;
				CLANG_WARN_INT_CONVERSION = YES;
				CLANG_WARN_NON_LITERAL_NULL_CONVERSION = YES;
				CLANG_WARN_OBJC_IMPLICIT_RETAIN_SELF = YES;
				CLANG_WARN_OBJC_LITERAL_CONVERSION = YES;
				CLANG_WARN_OBJC_ROOT_CLASS = YES_ERROR;
				CLANG_WARN_RANGE_LOOP_ANALYSIS = YES;
				CLANG_WARN_STRICT_PROTOTYPES = YES;
				CLANG_WARN_SUSPICIOUS_MOVE = YES;
				CLANG_WARN_UNGUARDED_AVAILABILITY = YES_AGGRESSIVE;
				CLANG_WARN_UNREACHABLE_CODE = YES;
				CLANG_WARN__DUPLICATE_METHOD_MATCH = YES;
				COPY_PHASE_STRIP = NO;
				DEBUG_INFORMATION_FORMAT = dwarf;
				ENABLE_STRICT_OBJC_MSGSEND = YES;
				ENABLE_TESTABILITY = YES;
				GCC_C_LANGUAGE_STANDARD = gnu11;
				GCC_DYNAMIC_NO_PIC = NO;
				GCC_NO_COMMON_BLOCKS = YES;
				GCC_OPTIMIZATION_LEVEL = 0;
				GCC_PREPROCESSOR_DEFINITIONS = (
					"DEBUG=1",
					"$(inherited)",
				);
				GCC_WARN_64_TO_32_BIT_CONVERSION = YES;
				GCC_WARN_ABOUT_RETURN_TYPE = YES_ERROR;
				GCC_WARN_UNDECLARED_SELECTOR = YES;
				GCC_WARN_UNINITIALIZED_AUTOS = YES_AGGRESSIVE;
				GCC_WARN_UNUSED_FUNCTION = YES;
				GCC_WARN_UNUSED_VARIABLE = YES;
				IPHONEOS_DEPLOYMENT_TARGET = 13.2;
				MTL_ENABLE_DEBUG_INFO = INCLUDE_SOURCE;
				MTL_FAST_MATH = YES;
				ONLY_ACTIVE_ARCH = YES;
				SDKROOT = iphoneos;
				SWIFT_ACTIVE_COMPILATION_CONDITIONS = DEBUG;
				SWIFT_OPTIMIZATION_LEVEL = "-Onone";
			};
			name = Debug;
		};
		408AC1A8239BFCD9003CABA9 /* Release */ = {
			isa = XCBuildConfiguration;
			buildSettings = {
				ALWAYS_SEARCH_USER_PATHS = NO;
				CLANG_ANALYZER_NONNULL = YES;
				CLANG_ANALYZER_NUMBER_OBJECT_CONVERSION = YES_AGGRESSIVE;
				CLANG_CXX_LANGUAGE_STANDARD = "gnu++14";
				CLANG_CXX_LIBRARY = "libc++";
				CLANG_ENABLE_MODULES = YES;
				CLANG_ENABLE_OBJC_ARC = YES;
				CLANG_ENABLE_OBJC_WEAK = YES;
				CLANG_WARN_BLOCK_CAPTURE_AUTORELEASING = YES;
				CLANG_WARN_BOOL_CONVERSION = YES;
				CLANG_WARN_COMMA = YES;
				CLANG_WARN_CONSTANT_CONVERSION = YES;
				CLANG_WARN_DEPRECATED_OBJC_IMPLEMENTATIONS = YES;
				CLANG_WARN_DIRECT_OBJC_ISA_USAGE = YES_ERROR;
				CLANG_WARN_DOCUMENTATION_COMMENTS = YES;
				CLANG_WARN_EMPTY_BODY = YES;
				CLANG_WARN_ENUM_CONVERSION = YES;
				CLANG_WARN_INFINITE_RECURSION = YES;
				CLANG_WARN_INT_CONVERSION = YES;
				CLANG_WARN_NON_LITERAL_NULL_CONVERSION = YES;
				CLANG_WARN_OBJC_IMPLICIT_RETAIN_SELF = YES;
				CLANG_WARN_OBJC_LITERAL_CONVERSION = YES;
				CLANG_WARN_OBJC_ROOT_CLASS = YES_ERROR;
				CLANG_WARN_RANGE_LOOP_ANALYSIS = YES;
				CLANG_WARN_STRICT_PROTOTYPES = YES;
				CLANG_WARN_SUSPICIOUS_MOVE = YES;
				CLANG_WARN_UNGUARDED_AVAILABILITY = YES_AGGRESSIVE;
				CLANG_WARN_UNREACHABLE_CODE = YES;
				CLANG_WARN__DUPLICATE_METHOD_MATCH = YES;
				COPY_PHASE_STRIP = NO;
				DEBUG_INFORMATION_FORMAT = "dwarf-with-dsym";
				ENABLE_NS_ASSERTIONS = NO;
				ENABLE_STRICT_OBJC_MSGSEND = YES;
				GCC_C_LANGUAGE_STANDARD = gnu11;
				GCC_NO_COMMON_BLOCKS = YES;
				GCC_WARN_64_TO_32_BIT_CONVERSION = YES;
				GCC_WARN_ABOUT_RETURN_TYPE = YES_ERROR;
				GCC_WARN_UNDECLARED_SELECTOR = YES;
				GCC_WARN_UNINITIALIZED_AUTOS = YES_AGGRESSIVE;
				GCC_WARN_UNUSED_FUNCTION = YES;
				GCC_WARN_UNUSED_VARIABLE = YES;
				IPHONEOS_DEPLOYMENT_TARGET = 13.2;
				MTL_ENABLE_DEBUG_INFO = NO;
				MTL_FAST_MATH = YES;
				SDKROOT = iphoneos;
				SWIFT_COMPILATION_MODE = wholemodule;
				SWIFT_OPTIMIZATION_LEVEL = "-O";
				VALIDATE_PRODUCT = YES;
			};
			name = Release;
		};
		408AC1AA239BFCD9003CABA9 /* Debug */ = {
			isa = XCBuildConfiguration;
			buildSettings = {
				ASSETCATALOG_COMPILER_APPICON_NAME = AppIcon;
				CODE_SIGN_STYLE = Automatic;
				DEVELOPMENT_TEAM = ZM7Z6QL6F3;
				INFOPLIST_FILE = TweetBell/Info.plist;
				LD_RUNPATH_SEARCH_PATHS = (
					"$(inherited)",
					"@executable_path/Frameworks",
				);
				PRODUCT_BUNDLE_IDENTIFIER = dev.ibrahima.TweetBell;
				PRODUCT_NAME = "$(TARGET_NAME)";
				SWIFT_VERSION = 5.0;
				TARGETED_DEVICE_FAMILY = "1,2";
			};
			name = Debug;
		};
		408AC1AB239BFCD9003CABA9 /* Release */ = {
			isa = XCBuildConfiguration;
			buildSettings = {
				ASSETCATALOG_COMPILER_APPICON_NAME = AppIcon;
				CODE_SIGN_STYLE = Automatic;
				DEVELOPMENT_TEAM = ZM7Z6QL6F3;
				INFOPLIST_FILE = TweetBell/Info.plist;
				LD_RUNPATH_SEARCH_PATHS = (
					"$(inherited)",
					"@executable_path/Frameworks",
				);
				PRODUCT_BUNDLE_IDENTIFIER = dev.ibrahima.TweetBell;
				PRODUCT_NAME = "$(TARGET_NAME)";
				SWIFT_VERSION = 5.0;
				TARGETED_DEVICE_FAMILY = "1,2";
			};
			name = Release;
		};
		408AC1AD239BFCD9003CABA9 /* Debug */ = {
			isa = XCBuildConfiguration;
			buildSettings = {
				ALWAYS_EMBED_SWIFT_STANDARD_LIBRARIES = YES;
				BUNDLE_LOADER = "$(TEST_HOST)";
				CODE_SIGN_STYLE = Automatic;
				DEVELOPMENT_TEAM = ZM7Z6QL6F3;
				INFOPLIST_FILE = TweetBellTests/Info.plist;
				IPHONEOS_DEPLOYMENT_TARGET = 13.2;
				LD_RUNPATH_SEARCH_PATHS = (
					"$(inherited)",
					"@executable_path/Frameworks",
					"@loader_path/Frameworks",
				);
				PRODUCT_BUNDLE_IDENTIFIER = dev.ibrahima.TweetBellTests;
				PRODUCT_NAME = "$(TARGET_NAME)";
				SWIFT_VERSION = 5.0;
				TARGETED_DEVICE_FAMILY = "1,2";
				TEST_HOST = "$(BUILT_PRODUCTS_DIR)/TweetBell.app/TweetBell";
			};
			name = Debug;
		};
		408AC1AE239BFCD9003CABA9 /* Release */ = {
			isa = XCBuildConfiguration;
			buildSettings = {
				ALWAYS_EMBED_SWIFT_STANDARD_LIBRARIES = YES;
				BUNDLE_LOADER = "$(TEST_HOST)";
				CODE_SIGN_STYLE = Automatic;
				DEVELOPMENT_TEAM = ZM7Z6QL6F3;
				INFOPLIST_FILE = TweetBellTests/Info.plist;
				IPHONEOS_DEPLOYMENT_TARGET = 13.2;
				LD_RUNPATH_SEARCH_PATHS = (
					"$(inherited)",
					"@executable_path/Frameworks",
					"@loader_path/Frameworks",
				);
				PRODUCT_BUNDLE_IDENTIFIER = dev.ibrahima.TweetBellTests;
				PRODUCT_NAME = "$(TARGET_NAME)";
				SWIFT_VERSION = 5.0;
				TARGETED_DEVICE_FAMILY = "1,2";
				TEST_HOST = "$(BUILT_PRODUCTS_DIR)/TweetBell.app/TweetBell";
			};
			name = Release;
		};
/* End XCBuildConfiguration section */

/* Begin XCConfigurationList section */
		408AC185239BFCD8003CABA9 /* Build configuration list for PBXProject "TweetBell" */ = {
			isa = XCConfigurationList;
			buildConfigurations = (
				408AC1A7239BFCD9003CABA9 /* Debug */,
				408AC1A8239BFCD9003CABA9 /* Release */,
			);
			defaultConfigurationIsVisible = 0;
			defaultConfigurationName = Release;
		};
		408AC1A9239BFCD9003CABA9 /* Build configuration list for PBXNativeTarget "TweetBell" */ = {
			isa = XCConfigurationList;
			buildConfigurations = (
				408AC1AA239BFCD9003CABA9 /* Debug */,
				408AC1AB239BFCD9003CABA9 /* Release */,
			);
			defaultConfigurationIsVisible = 0;
			defaultConfigurationName = Release;
		};
		408AC1AC239BFCD9003CABA9 /* Build configuration list for PBXNativeTarget "TweetBellTests" */ = {
			isa = XCConfigurationList;
			buildConfigurations = (
				408AC1AD239BFCD9003CABA9 /* Debug */,
				408AC1AE239BFCD9003CABA9 /* Release */,
			);
			defaultConfigurationIsVisible = 0;
			defaultConfigurationName = Release;
		};
/* End XCConfigurationList section */
	};
	rootObject = 408AC182239BFCD8003CABA9 /* Project object */;
}
